# This file is automatically @generated by Cargo.
# It is not intended for manual editing.
version = 4

[[package]]
name = "arrow-schema"
version = "59.3.0"
source = "registry+https://github.com/rust-lang/crates.io-index"
checksum = "10fab8d4563491417ba801fab29d205104d20d4bdf37bda6cd1cf425cff598cd"

[[package]]
name = "triplum-core"
version = "0.0.1"
dependencies = [
 "arrow-schema",
]
